
Microsoft Visual Studio Solution File, Format Version 12.00
# Visual Studio Version 16
VisualStudioVersion = 16.0.31729.503
MinimumVisualStudioVersion = 10.0.40219.1
Project("{9A19103F-16F7-4668-BE54-9A1E7A4F7556}") = "Client-app unit tests", "Client-app unit tests\Client-app unit tests.csproj", "{CC8AE7CB-73D6-4CC4-A7DF-39BA97C9AD00}"
EndProject
Project("{9A19103F-16F7-4668-BE54-9A1E7A4F7556}") = "Client", "Client\Client.csproj", "{D04D53AD-94BA-4573-8E6A-F3000AC1C3DF}"
EndProject
Project("{FAE04EC0-301F-11D3-BF4B-00C04F79EFBC}") = "GUI", "GUI\GUI.csproj", "{51EAF85B-2701-4290-91AD-0CAA70BCF626}"
EndProject
Global
	GlobalSection(SolutionConfigurationPlatforms) = preSolution
		Debug|Any CPU = Debug|Any CPU
		Release|Any CPU = Release|Any CPU
	EndGlobalSection
	GlobalSection(ProjectConfigurationPlatforms) = postSolution
		{CC8AE7CB-73D6-4CC4-A7DF-39BA97C9AD00}.Debug|Any CPU.ActiveCfg = Debug|Any CPU
		{CC8AE7CB-73D6-4CC4-A7DF-39BA97C9AD00}.Debug|Any CPU.Build.0 = Debug|Any CPU
		{CC8AE7CB-73D6-4CC4-A7DF-39BA97C9AD00}.Release|Any CPU.ActiveCfg = Release|Any CPU
		{CC8AE7CB-73D6-4CC4-A7DF-39BA97C9AD00}.Release|Any CPU.Build.0 = Release|Any CPU
		{D04D53AD-94BA-4573-8E6A-F3000AC1C3DF}.Debug|Any CPU.ActiveCfg = Debug|Any CPU
		{D04D53AD-94BA-4573-8E6A-F3000AC1C3DF}.Debug|Any CPU.Build.0 = Debug|Any CPU
		{D04D53AD-94BA-4573-8E6A-F3000AC1C3DF}.Release|Any CPU.ActiveCfg = Release|Any CPU
		{D04D53AD-94BA-4573-8E6A-F3000AC1C3DF}.Release|Any CPU.Build.0 = Release|Any CPU
		{51EAF85B-2701-4290-91AD-0CAA70BCF626}.Debug|Any CPU.ActiveCfg = Debug|Any CPU
		{51EAF85B-2701-4290-91AD-0CAA70BCF626}.Debug|Any CPU.Build.0 = Debug|Any CPU
		{51EAF85B-2701-4290-91AD-0CAA70BCF626}.Release|Any CPU.ActiveCfg = Release|Any CPU
		{51EAF85B-2701-4290-91AD-0CAA70BCF626}.Release|Any CPU.Build.0 = Release|Any CPU
	EndGlobalSection
	GlobalSection(SolutionProperties) = preSolution
		HideSolutionNode = FALSE
	EndGlobalSection
	GlobalSection(ExtensibilityGlobals) = postSolution
		SolutionGuid = {99878E9C-BE8E-4DA7-B556-30560150127B}
	EndGlobalSection
EndGlobal
